// !$*UTF8*$!
{
	archiveVersion = 1;
	classes = {
	};
	objectVersion = 46;
	objects = {

/* Begin PBXBuildFile section */
		844322591FC54B8A00934B40 /* AppDelegate.swift in Sources */ = {isa = PBXBuildFile; fileRef = 844322581FC54B8A00934B40 /* AppDelegate.swift */; };
		8443225B1FC54B8A00934B40 /* ViewController.swift in Sources */ = {isa = PBXBuildFile; fileRef = 8443225A1FC54B8A00934B40 /* ViewController.swift */; };
		8443225E1FC54B8A00934B40 /* Main.storyboard in Resources */ = {isa = PBXBuildFile; fileRef = 8443225C1FC54B8A00934B40 /* Main.storyboard */; };
		844322601FC54B8A00934B40 /* Assets.xcassets in Resources */ = {isa = PBXBuildFile; fileRef = 8443225F1FC54B8A00934B40 /* Assets.xcassets */; };
		844322631FC54B8A00934B40 /* LaunchScreen.storyboard in Resources */ = {isa = PBXBuildFile; fileRef = 844322611FC54B8A00934B40 /* LaunchScreen.storyboard */; };
		8443226B1FC54BC100934B40 /* PPXTextField.swift in Sources */ = {isa = PBXBuildFile; fileRef = 8443226A1FC54BC100934B40 /* PPXTextField.swift */; };
		8443226D1FC5501400934B40 /* StringExtension.swift in Sources */ = {isa = PBXBuildFile; fileRef = 8443226C1FC5501400934B40 /* StringExtension.swift */; };
/* End PBXBuildFile section */

/* Begin PBXFileReference section */
		844322551FC54B8A00934B40 /* PPXTextField.app */ = {isa = PBXFileReference; explicitFileType = wrapper.application; includeInIndex = 0; path = PPXTextField.app; sourceTree = BUILT_PRODUCTS_DIR; };
		844322581FC54B8A00934B40 /* AppDelegate.swift */ = {isa = PBXFileReference; lastKnownFileType = sourcecode.swift; path = AppDelegate.swift; sourceTree = "<group>"; };
		8443225A1FC54B8A00934B40 /* ViewController.swift */ = {isa = PBXFileReference; lastKnownFileType = sourcecode.swift; path = ViewController.swift; sourceTree = "<group>"; };
		8443225D1FC54B8A00934B40 /* Base */ = {isa = PBXFileReference; lastKnownFileType = file.storyboard; name = Base; path = Base.lproj/Main.storyboard; sourceTree = "<group>"; };
		8443225F1FC54B8A00934B40 /* Assets.xcassets */ = {isa = PBXFileReference; lastKnownFileType = folder.assetcatalog; path = Assets.xcassets; sourceTree = "<group>"; };
		844322621FC54B8A00934B40 /* Base */ = {isa = PBXFileReference; lastKnownFileType = file.storyboard; name = Base; path = Base.lproj/LaunchScreen.storyboard; sourceTree = "<group>"; };
		844322641FC54B8A00934B40 /* Info.plist */ = {isa = PBXFileReference; lastKnownFileType = text.plist.xml; path = Info.plist; sourceTree = "<group>"; };
		8443226A1FC54BC100934B40 /* PPXTextField.swift */ = {isa = PBXFileReference; fileEncoding = 4; lastKnownFileType = sourcecode.swift; path = PPXTextField.swift; sourceTree = "<group>"; };
		8443226C1FC5501400934B40 /* StringExtension.swift */ = {isa = PBXFileReference; fileEncoding = 4; lastKnownFileType = sourcecode.swift; path = StringExtension.swift; sourceTree = "<group>"; };
/* End PBXFileReference section */

/* Begin PBXFrameworksBuildPhase section */
		844322521FC54B8A00934B40 /* Frameworks */ = {
			isa = PBXFrameworksBuildPhase;
			buildActionMask = 2147483647;
			files = (
			);
			runOnlyForDeploymentPostprocessing = 0;
		};
/* End PBXFrameworksBuildPhase section */

/* Begin PBXGroup section */
		8443224C1FC54B8A00934B40 = {
			isa = PBXGroup;
			children = (
				844322571FC54B8A00934B40 /* PPXTextField */,
				844322561FC54B8A00934B40 /* Products */,
			);
			sourceTree = "<group>";
		};
		844322561FC54B8A00934B40 /* Products */ = {
			isa = PBXGroup;
			children = (
				844322551FC54B8A00934B40 /* PPXTextField.app */,
			);
			name = Products;
			sourceTree = "<group>";
		};
		844322571FC54B8A00934B40 /* PPXTextField */ = {
			isa = PBXGroup;
			children = (
				844322581FC54B8A00934B40 /* AppDelegate.swift */,
				8443225A1FC54B8A00934B40 /* ViewController.swift */,
				8443226A1FC54BC100934B40 /* PPXTextField.swift */,
				8443226C1FC5501400934B40 /* StringExtension.swift */,
				8443225C1FC54B8A00934B40 /* Main.storyboard */,
				8443225F1FC54B8A00934B40 /* Assets.xcassets */,
				844322611FC54B8A00934B40 /* LaunchScreen.storyboard */,
				844322641FC54B8A00934B40 /* Info.plist */,
			);
			path = PPXTextField;
			sourceTree = "<group>";
		};
/* End PBXGroup section */

/* Begin PBXNativeTarget section */
		844322541FC54B8A00934B40 /* PPXTextField */ = {
			isa = PBXNativeTarget;
			buildConfigurationList = 844322671FC54B8A00934B40 /* Build configuration list for PBXNativeTarget "PPXTextField" */;
			buildPhases = (
				844322511FC54B8A00934B40 /* Sources */,
				844322521FC54B8A00934B40 /* Frameworks */,
				844322531FC54B8A00934B40 /* Resources */,
			);
			buildRules = (
			);
			dependencies = (
			);
			name = PPXTextField;
			productName = PPXTextField;
			productReference = 844322551FC54B8A00934B40 /* PPXTextField.app */;
			productType = "com.apple.product-type.application";
		};
/* End PBXNativeTarget section */

/* Begin PBXProject section */
		8443224D1FC54B8A00934B40 /* Project object */ = {
			isa = PBXProject;
			attributes = {
				LastSwiftUpdateCheck = 0820;
				LastUpgradeCheck = 0820;
				ORGANIZATIONNAME = PPX;
				TargetAttributes = {
					844322541FC54B8A00934B40 = {
						CreatedOnToolsVersion = 8.2.1;
						DevelopmentTeam = 966MC69B75;
						ProvisioningStyle = Automatic;
					};
				};
			};
			buildConfigurationList = 844322501FC54B8A00934B40 /* Build configuration list for PBXProject "PPXTextField" */;
			compatibilityVersion = "Xcode 3.2";
			developmentRegion = English;
			hasScannedForEncodings = 0;
			knownRegions = (
				en,
				Base,
			);
			mainGroup = 8443224C1FC54B8A00934B40;
			productRefGroup = 844322561FC54B8A00934B40 /* Products */;
			projectDirPath = "";
			projectRoot = "";
			targets = (
				844322541FC54B8A00934B40 /* PPXTextField */,
			);
		};
/* End PBXProject section */

/* Begin PBXResourcesBuildPhase section */
		844322531FC54B8A00934B40 /* Resources */ = {
			isa = PBXResourcesBuildPhase;
			buildActionMask = 2147483647;
			files = (
				844322631FC54B8A00934B40 /* LaunchScreen.storyboard in Resources */,
				844322601FC54B8A00934B40 /* Assets.xcassets in Resources */,
				8443225E1FC54B8A00934B40 /* Main.storyboard in Resources */,
			);
			runOnlyForDeploymentPostprocessing = 0;
		};
/* End PBXResourcesBuildPhase section */

/* Begin PBXSourcesBuildPhase section */
		844322511FC54B8A00934B40 /* Sources */ = {
			isa = PBXSourcesBuildPhase;
			buildActionMask = 2147483647;
			files = (
				8443226D1FC5501400934B40 /* StringExtension.swift in Sources */,
				8443226B1FC54BC100934B40 /* PPXTextField.swift in Sources */,
				8443225B1FC54B8A00934B40 /* ViewController.swift in Sources */,
				844322591FC54B8A00934B40 /* AppDelegate.swift in Sources */,
			);
			runOnlyForDeploymentPostprocessing = 0;
		};
/* End PBXSourcesBuildPhase section */

/* Begin PBXVariantGroup section */
		8443225C1FC54B8A00934B40 /* Main.storyboard */ = {
			isa = PBXVariantGroup;
			children = (
				8443225D1FC54B8A00934B40 /* Base */,
			);
			name = Main.storyboard;
			sourceTree = "<group>";
		};
		844322611FC54B8A00934B40 /* LaunchScreen.storyboard */ = {
			isa = PBXVariantGroup;
			children = (
				844322621FC54B8A00934B40 /* Base */,
			);
			name = LaunchScreen.storyboard;
			sourceTree = "<group>";
		};
/* End PBXVariantGroup section */

/* Begin XCBuildConfiguration section */
		844322651FC54B8A00934B40 /* Debug */ = {
			isa = XCBuildConfiguration;
			buildSettings = {
				ALWAYS_SEARCH_USER_PATHS = NO;
				CLANG_ANALYZER_NONNULL = YES;
				CLANG_CXX_LANGUAGE_STANDARD = "gnu++0x";
				CLANG_CXX_LIBRARY = "libc++";
				CLANG_ENABLE_MODULES = YES;
				CLANG_ENABLE_OBJC_ARC = YES;
				CLANG_WARN_BOOL_CONVERSION = YES;
				CLANG_WARN_CONSTANT_CONVERSION = YES;
				CLANG_WARN_DIRECT_OBJC_ISA_USAGE = YES_ERROR;
				CLANG_WARN_DOCUMENTATION_COMMENTS = YES;
				CLANG_WARN_EMPTY_BODY = YES;
				CLANG_WARN_ENUM_CONVERSION = YES;
				CLANG_WARN_INFINITE_RECURSION = YES;
				CLANG_WARN_INT_CONVERSION = YES;
				CLANG_WARN_OBJC_ROOT_CLASS = YES_ERROR;
				CLANG_WARN_SUSPICIOUS_MOVE = YES;
				CLANG_WARN_UNREACHABLE_CODE = YES;
				CLANG_WARN__DUPLICATE_METHOD_MATCH = YES;
				"CODE_SIGN_IDENTITY[sdk=iphoneos*]" = "iPhone Developer";
				COPY_PHASE_STRIP = NO;
				DEBUG_INFORMATION_FORMAT = dwarf;
				ENABLE_STRICT_OBJC_MSGSEND = YES;
				ENABLE_TESTABILITY = YES;
				GCC_C_LANGUAGE_STANDARD = gnu99;
				GCC_DYNAMIC_NO_PIC = NO;
				GCC_NO_COMMON_BLOCKS = YES;
				GCC_OPTIMIZATION_LEVEL = 0;
				GCC_PREPROCESSOR_DEFINITIONS = (
					"DEBUG=1",
					"$(inherited)",
				);
				GCC_WARN_64_TO_32_BIT_CONVERSION = YES;
				GCC_WARN_ABOUT_RETURN_TYPE = YES_ERROR;
				GCC_WARN_UNDECLARED_SELECTOR = YES;
				GCC_WARN_UNINITIALIZED_AUTOS = YES_AGGRESSIVE;
				GCC_WARN_UNUSED_FUNCTION = YES;
				GCC_WARN_UNUSED_VARIABLE = YES;
				IPHONEOS_DEPLOYMENT_TARGET = 10.2;
				MTL_ENABLE_DEBUG_INFO = YES;
				ONLY_ACTIVE_ARCH = YES;
				SDKROOT = iphoneos;
				SWIFT_ACTIVE_COMPILATION_CONDITIONS = DEBUG;
				SWIFT_OPTIMIZATION_LEVEL = "-Onone";
			};
			name = Debug;
		};
		844322661FC54B8A00934B40 /* Release */ = {
			isa = XCBuildConfiguration;
			buildSettings = {
				ALWAYS_SEARCH_USER_PATHS = NO;
				CLANG_ANALYZER_NONNULL = YES;
				CLANG_CXX_LANGUAGE_STANDARD = "gnu++0x";
				CLANG_CXX_LIBRARY = "libc++";
				CLANG_ENABLE_MODULES = YES;
				CLANG_ENABLE_OBJC_ARC = YES;
				CLANG_WARN_BOOL_CONVERSION = YES;
				CLANG_WARN_CONSTANT_CONVERSION = YES;
				CLANG_WARN_DIRECT_OBJC_ISA_USAGE = YES_ERROR;
				CLANG_WARN_DOCUMENTATION_COMMENTS = YES;
				CLANG_WARN_EMPTY_BODY = YES;
				CLANG_WARN_ENUM_CONVERSION = YES;
				CLANG_WARN_INFINITE_RECURSION = YES;
				CLANG_WARN_INT_CONVERSION = YES;
				CLANG_WARN_OBJC_ROOT_CLASS = YES_ERROR;
				CLANG_WARN_SUSPICIOUS_MOVE = YES;
				CLANG_WARN_UNREACHABLE_CODE = YES;
				CLANG_WARN__DUPLICATE_METHOD_MATCH = YES;
				"CODE_SIGN_IDENTITY[sdk=iphoneos*]" = "iPhone Developer";
				COPY_PHASE_STRIP = NO;
				DEBUG_INFORMATION_FORMAT = "dwarf-with-dsym";
				ENABLE_NS_ASSERTIONS = NO;
				ENABLE_STRICT_OBJC_MSGSEND = YES;
				GCC_C_LANGUAGE_STANDARD = gnu99;
				GCC_NO_COMMON_BLOCKS = YES;
				GCC_WARN_64_TO_32_BIT_CONVERSION = YES;
				GCC_WARN_ABOUT_RETURN_TYPE = YES_ERROR;
				GCC_WARN_UNDECLARED_SELECTOR = YES;
				GCC_WARN_UNINITIALIZED_AUTOS = YES_AGGRESSIVE;
				GCC_WARN_UNUSED_FUNCTION = YES;
				GCC_WARN_UNUSED_VARIABLE = YES;
				IPHONEOS_DEPLOYMENT_TARGET = 10.2;
				MTL_ENABLE_DEBUG_INFO = NO;
				SDKROOT = iphoneos;
				SWIFT_OPTIMIZATION_LEVEL = "-Owholemodule";
				VALIDATE_PRODUCT = YES;
			};
			name = Release;
		};
		844322681FC54B8A00934B40 /* Debug */ = {
			isa = XCBuildConfiguration;
			buildSettings = {
				ASSETCATALOG_COMPILER_APPICON_NAME = AppIcon;
				DEVELOPMENT_TEAM = 966MC69B75;
				INFOPLIST_FILE = PPXTextField/Info.plist;
				LD_RUNPATH_SEARCH_PATHS = "$(inherited) @executable_path/Frameworks";
				PRODUCT_BUNDLE_IDENTIFIER = com.PPX.PPXTextField;
				PRODUCT_NAME = "$(TARGET_NAME)";
				SWIFT_VERSION = 3.0;
			};
			name = Debug;
		};
		844322691FC54B8A00934B40 /* Release */ = {
			isa = XCBuildConfiguration;
			buildSettings = {
				ASSETCATALOG_COMPILER_APPICON_NAME = AppIcon;
				DEVELOPMENT_TEAM = 966MC69B75;
				INFOPLIST_FILE = PPXTextField/Info.plist;
				LD_RUNPATH_SEARCH_PATHS = "$(inherited) @executable_path/Frameworks";
				PRODUCT_BUNDLE_IDENTIFIER = com.PPX.PPXTextField;
				PRODUCT_NAME = "$(TARGET_NAME)";
				SWIFT_VERSION = 3.0;
			};
			name = Release;
		};
/* End XCBuildConfiguration section */

/* Begin XCConfigurationList section */
		844322501FC54B8A00934B40 /* Build configuration list for PBXProject "PPXTextField" */ = {
			isa = XCConfigurationList;
			buildConfigurations = (
				844322651FC54B8A00934B40 /* Debug */,
				844322661FC54B8A00934B40 /* Release */,
			);
			defaultConfigurationIsVisible = 0;
			defaultConfigurationName = Release;
		};
		844322671FC54B8A00934B40 /* Build configuration list for PBXNativeTarget "PPXTextField" */ = {
			isa = XCConfigurationList;
			buildConfigurations = (
				844322681FC54B8A00934B40 /* Debug */,
				844322691FC54B8A00934B40 /* Release */,
			);
			defaultConfigurationIsVisible = 0;
		};
/* End XCConfigurationList section */
	};
	rootObject = 8443224D1FC54B8A00934B40 /* Project object */;
}
